
Microsoft Visual Studio Solution File, Format Version 10.00
# Visual Studio 2008
Project("{8BC9CEB8-8B4A-11D0-8D11-00A0C91BC942}") = "SegClient", "SegClient\SegClient.vcproj", "{5F670D53-AA14-4803-9D82-940736661325}"
EndProject
Project("{8BC9CEB8-8B4A-11D0-8D11-00A0C91BC942}") = "SampleLogger", "SampleLogger\SampleLogger.vcproj", "{03170496-9CF7-40C6-AA8C-0C604311E6CE}"
EndProject
Project("{8BC9CEB8-8B4A-11D0-8D11-00A0C91BC942}") = "SampleClient", "SampleClient\SampleClient.vcproj", "{AB2D202D-DFFB-4D99-AD3F-7EFF8BB266A4}"
EndProject
Project("{8BC9CEB8-8B4A-11D0-8D11-00A0C91BC942}") = "SampleFSMClient", "SampleFSMClient\SampleFSMClient.vcproj", "{9D214A2C-EB51-45B4-B47D-269FB5DEFC25}"
EndProject
Project("{8BC9CEB8-8B4A-11D0-8D11-00A0C91BC942}") = "SampleDemoGame", "SampleDemoGame\SampleDemoGame.vcproj", "{CF208E6C-34AD-4040-869A-08845E8A3F1E}"
EndProject
Project("{8BC9CEB8-8B4A-11D0-8D11-00A0C91BC942}") = "TestGame", "TestGame\TestGame.vcproj", "{72136E62-F8EA-4975-8923-F02E10804326}"
EndProject
Project("{8BC9CEB8-8B4A-11D0-8D11-00A0C91BC942}") = "TestPipeClient", "TestPipeClient\TestPipeClient.vcproj", "{B3296B75-55F3-49E7-9813-62AC1A048C45}"
EndProject
Project("{8BC9CEB8-8B4A-11D0-8D11-00A0C91BC942}") = "Client", "Client\Client.vcproj", "{762569EA-04BE-474D-9F6A-65AEFF3714E5}"
EndProject
Project("{8BC9CEB8-8B4A-11D0-8D11-00A0C91BC942}") = "ClientForGameSrvTest", "ClientForGameSrvTest\ClientForGameSrvTest.vcproj", "{16FB8901-881B-4010-A10B-4422B2BF40BB}"
EndProject
Project("{8BC9CEB8-8B4A-11D0-8D11-00A0C91BC942}") = "testUDP", "testUDP\testUDP.vcproj", "{6A420378-793A-4828-9E26-486F66C6ED25}"
EndProject
Project("{8BC9CEB8-8B4A-11D0-8D11-00A0C91BC942}") = "testClientforUDP", "testClientforUDP\testClientforUDP.vcproj", "{B9C49183-EA1D-478A-BB3F-36EA1029D9FF}"
EndProject
Project("{2150E333-8FDC-42A3-9474-1A3956D46DE8}") = "3D_Engine", "3D_Engine", "{2069FFA9-5BB8-482F-BFEC-506281B90461}"
EndProject
Project("{8BC9CEB8-8B4A-11D0-8D11-00A0C91BC942}") = "NeoLuxSample Wizard", "NeoLuxSample Wizard\NeoLuxSample Wizard.vcproj", "{A62294F5-CA53-4E25-A96C-20F81C0B4728}"
EndProject
Project("{2150E333-8FDC-42A3-9474-1A3956D46DE8}") = "TestClient", "TestClient", "{381A7DBF-43F9-4FC2-8093-23DAC427C0B2}"
EndProject
Project("{8BC9CEB8-8B4A-11D0-8D11-00A0C91BC942}") = "Sample_UDP_Client", "Sample_UDP_Client\Sample_UDP_Client.vcproj", "{FC92E2D6-74D9-46A9-A2EC-D393DF3D8D09}"
EndProject
Project("{8BC9CEB8-8B4A-11D0-8D11-00A0C91BC942}") = "NeoLux", "NeoLux\NeoLux.vcproj", "{DBA2DDA9-7868-496D-8BD2-2995AAF62528}"
EndProject
Project("{8BC9CEB8-8B4A-11D0-8D11-00A0C91BC942}") = "NLib_Object", "NLib_Object\NLib_Object.vcproj", "{C2C0AF0F-419E-4F00-A5A7-9E1DCFAA88A6}"
EndProject
Global
	GlobalSection(SolutionConfigurationPlatforms) = preSolution
		Debug|Win32 = Debug|Win32
		Release|Win32 = Release|Win32
	EndGlobalSection
	GlobalSection(ProjectConfigurationPlatforms) = postSolution
		{5F670D53-AA14-4803-9D82-940736661325}.Debug|Win32.ActiveCfg = Debug|Win32
		{5F670D53-AA14-4803-9D82-940736661325}.Debug|Win32.Build.0 = Debug|Win32
		{5F670D53-AA14-4803-9D82-940736661325}.Release|Win32.ActiveCfg = Release|Win32
		{5F670D53-AA14-4803-9D82-940736661325}.Release|Win32.Build.0 = Release|Win32
		{03170496-9CF7-40C6-AA8C-0C604311E6CE}.Debug|Win32.ActiveCfg = Debug|Win32
		{03170496-9CF7-40C6-AA8C-0C604311E6CE}.Debug|Win32.Build.0 = Debug|Win32
		{03170496-9CF7-40C6-AA8C-0C604311E6CE}.Release|Win32.ActiveCfg = Release|Win32
		{03170496-9CF7-40C6-AA8C-0C604311E6CE}.Release|Win32.Build.0 = Release|Win32
		{AB2D202D-DFFB-4D99-AD3F-7EFF8BB266A4}.Debug|Win32.ActiveCfg = Debug|Win32
		{AB2D202D-DFFB-4D99-AD3F-7EFF8BB266A4}.Debug|Win32.Build.0 = Debug|Win32
		{AB2D202D-DFFB-4D99-AD3F-7EFF8BB266A4}.Release|Win32.ActiveCfg = Release|Win32
		{AB2D202D-DFFB-4D99-AD3F-7EFF8BB266A4}.Release|Win32.Build.0 = Release|Win32
		{9D214A2C-EB51-45B4-B47D-269FB5DEFC25}.Debug|Win32.ActiveCfg = Debug|Win32
		{9D214A2C-EB51-45B4-B47D-269FB5DEFC25}.Debug|Win32.Build.0 = Debug|Win32
		{9D214A2C-EB51-45B4-B47D-269FB5DEFC25}.Release|Win32.ActiveCfg = Release|Win32
		{9D214A2C-EB51-45B4-B47D-269FB5DEFC25}.Release|Win32.Build.0 = Release|Win32
		{CF208E6C-34AD-4040-869A-08845E8A3F1E}.Debug|Win32.ActiveCfg = Debug|Win32
		{CF208E6C-34AD-4040-869A-08845E8A3F1E}.Debug|Win32.Build.0 = Debug|Win32
		{CF208E6C-34AD-4040-869A-08845E8A3F1E}.Release|Win32.ActiveCfg = Release|Win32
		{CF208E6C-34AD-4040-869A-08845E8A3F1E}.Release|Win32.Build.0 = Release|Win32
		{72136E62-F8EA-4975-8923-F02E10804326}.Debug|Win32.ActiveCfg = Debug|Win32
		{72136E62-F8EA-4975-8923-F02E10804326}.Debug|Win32.Build.0 = Debug|Win32
		{72136E62-F8EA-4975-8923-F02E10804326}.Release|Win32.ActiveCfg = Release|Win32
		{72136E62-F8EA-4975-8923-F02E10804326}.Release|Win32.Build.0 = Release|Win32
		{B3296B75-55F3-49E7-9813-62AC1A048C45}.Debug|Win32.ActiveCfg = Debug|Win32
		{B3296B75-55F3-49E7-9813-62AC1A048C45}.Debug|Win32.Build.0 = Debug|Win32
		{B3296B75-55F3-49E7-9813-62AC1A048C45}.Release|Win32.ActiveCfg = Release|Win32
		{B3296B75-55F3-49E7-9813-62AC1A048C45}.Release|Win32.Build.0 = Release|Win32
		{762569EA-04BE-474D-9F6A-65AEFF3714E5}.Debug|Win32.ActiveCfg = Debug|Win32
		{762569EA-04BE-474D-9F6A-65AEFF3714E5}.Debug|Win32.Build.0 = Debug|Win32
		{762569EA-04BE-474D-9F6A-65AEFF3714E5}.Release|Win32.ActiveCfg = Release|Win32
		{762569EA-04BE-474D-9F6A-65AEFF3714E5}.Release|Win32.Build.0 = Release|Win32
		{16FB8901-881B-4010-A10B-4422B2BF40BB}.Debug|Win32.ActiveCfg = Debug|Win32
		{16FB8901-881B-4010-A10B-4422B2BF40BB}.Debug|Win32.Build.0 = Debug|Win32
		{16FB8901-881B-4010-A10B-4422B2BF40BB}.Release|Win32.ActiveCfg = Release|Win32
		{16FB8901-881B-4010-A10B-4422B2BF40BB}.Release|Win32.Build.0 = Release|Win32
		{6A420378-793A-4828-9E26-486F66C6ED25}.Debug|Win32.ActiveCfg = Debug|Win32
		{6A420378-793A-4828-9E26-486F66C6ED25}.Debug|Win32.Build.0 = Debug|Win32
		{6A420378-793A-4828-9E26-486F66C6ED25}.Release|Win32.ActiveCfg = Release|Win32
		{6A420378-793A-4828-9E26-486F66C6ED25}.Release|Win32.Build.0 = Release|Win32
		{B9C49183-EA1D-478A-BB3F-36EA1029D9FF}.Debug|Win32.ActiveCfg = Debug|Win32
		{B9C49183-EA1D-478A-BB3F-36EA1029D9FF}.Debug|Win32.Build.0 = Debug|Win32
		{B9C49183-EA1D-478A-BB3F-36EA1029D9FF}.Release|Win32.ActiveCfg = Release|Win32
		{B9C49183-EA1D-478A-BB3F-36EA1029D9FF}.Release|Win32.Build.0 = Release|Win32
		{A62294F5-CA53-4E25-A96C-20F81C0B4728}.Debug|Win32.ActiveCfg = Debug|Win32
		{A62294F5-CA53-4E25-A96C-20F81C0B4728}.Debug|Win32.Build.0 = Debug|Win32
		{A62294F5-CA53-4E25-A96C-20F81C0B4728}.Release|Win32.ActiveCfg = Release|Win32
		{A62294F5-CA53-4E25-A96C-20F81C0B4728}.Release|Win32.Build.0 = Release|Win32
		{FC92E2D6-74D9-46A9-A2EC-D393DF3D8D09}.Debug|Win32.ActiveCfg = Debug|Win32
		{FC92E2D6-74D9-46A9-A2EC-D393DF3D8D09}.Debug|Win32.Build.0 = Debug|Win32
		{FC92E2D6-74D9-46A9-A2EC-D393DF3D8D09}.Release|Win32.ActiveCfg = Release|Win32
		{FC92E2D6-74D9-46A9-A2EC-D393DF3D8D09}.Release|Win32.Build.0 = Release|Win32
		{DBA2DDA9-7868-496D-8BD2-2995AAF62528}.Debug|Win32.ActiveCfg = Debug|Win32
		{DBA2DDA9-7868-496D-8BD2-2995AAF62528}.Debug|Win32.Build.0 = Debug|Win32
		{DBA2DDA9-7868-496D-8BD2-2995AAF62528}.Release|Win32.ActiveCfg = Release|Win32
		{DBA2DDA9-7868-496D-8BD2-2995AAF62528}.Release|Win32.Build.0 = Release|Win32
		{C2C0AF0F-419E-4F00-A5A7-9E1DCFAA88A6}.Debug|Win32.ActiveCfg = Debug|Win32
		{C2C0AF0F-419E-4F00-A5A7-9E1DCFAA88A6}.Debug|Win32.Build.0 = Debug|Win32
		{C2C0AF0F-419E-4F00-A5A7-9E1DCFAA88A6}.Release|Win32.ActiveCfg = Release|Win32
		{C2C0AF0F-419E-4F00-A5A7-9E1DCFAA88A6}.Release|Win32.Build.0 = Release|Win32
	EndGlobalSection
	GlobalSection(SolutionProperties) = preSolution
		HideSolutionNode = FALSE
	EndGlobalSection
	GlobalSection(NestedProjects) = preSolution
		{A62294F5-CA53-4E25-A96C-20F81C0B4728} = {2069FFA9-5BB8-482F-BFEC-506281B90461}
		{DBA2DDA9-7868-496D-8BD2-2995AAF62528} = {2069FFA9-5BB8-482F-BFEC-506281B90461}
		{C2C0AF0F-419E-4F00-A5A7-9E1DCFAA88A6} = {2069FFA9-5BB8-482F-BFEC-506281B90461}
		{FC92E2D6-74D9-46A9-A2EC-D393DF3D8D09} = {381A7DBF-43F9-4FC2-8093-23DAC427C0B2}
	EndGlobalSection
EndGlobal
